
Microsoft Visual Studio Solution File, Format Version 12.00
# Visual Studio Version 17
VisualStudioVersion = 17.11.35312.102
MinimumVisualStudioVersion = 10.0.40219.1
Project("{FAE04EC0-301F-11D3-BF4B-00C04F79EFBC}") = "AspNetWcfDemo", "AspNetWcfDemo\AspNetWcfDemo.csproj", "{31B0517D-193C-425C-9147-D18E204BFD19}"
EndProject
Global
	GlobalSection(SolutionConfigurationPlatforms) = preSolution
		Debug|Any CPU = Debug|Any CPU
		Release|Any CPU = Release|Any CPU
	EndGlobalSection
	GlobalSection(ProjectConfigurationPlatforms) = postSolution
		{31B0517D-193C-425C-9147-D18E204BFD19}.Debug|Any CPU.ActiveCfg = Debug|Any CPU
		{31B0517D-193C-425C-9147-D18E204BFD19}.Debug|Any CPU.Build.0 = Debug|Any CPU
		{31B0517D-193C-425C-9147-D18E204BFD19}.Release|Any CPU.ActiveCfg = Release|Any CPU
		{31B0517D-193C-425C-9147-D18E204BFD19}.Release|Any CPU.Build.0 = Release|Any CPU
	EndGlobalSection
	GlobalSection(SolutionProperties) = preSolution
		HideSolutionNode = FALSE
	EndGlobalSection
	GlobalSection(ExtensibilityGlobals) = postSolution
		SolutionGuid = {D6577FA2-C87D-4981-B6AB-915ED1C8A0BD}
	EndGlobalSection
EndGlobal
